
Microsoft Visual Studio Solution File, Format Version 12.00
# Visual Studio Version 17
VisualStudioVersion = 17.9.34728.123
MinimumVisualStudioVersion = 10.0.40219.1
Project("{FAE04EC0-301F-11D3-BF4B-00C04F79EFBC}") = "Zoor_Lebanon", "Zoor_Lebanon\Zoor_Lebanon.csproj", "{AEAB8AE7-E2B0-4EEB-810B-32361DE162AE}"
EndProject
Global
	GlobalSection(SolutionConfigurationPlatforms) = preSolution
		Debug|Any CPU = Debug|Any CPU
		Release|Any CPU = Release|Any CPU
	EndGlobalSection
	GlobalSection(ProjectConfigurationPlatforms) = postSolution
		{AEAB8AE7-E2B0-4EEB-810B-32361DE162AE}.Debug|Any CPU.ActiveCfg = Debug|Any CPU
		{AEAB8AE7-E2B0-4EEB-810B-32361DE162AE}.Debug|Any CPU.Build.0 = Debug|Any CPU
		{AEAB8AE7-E2B0-4EEB-810B-32361DE162AE}.Release|Any CPU.ActiveCfg = Release|Any CPU
		{AEAB8AE7-E2B0-4EEB-810B-32361DE162AE}.Release|Any CPU.Build.0 = Release|Any CPU
	EndGlobalSection
	GlobalSection(SolutionProperties) = preSolution
		HideSolutionNode = FALSE
	EndGlobalSection
	GlobalSection(ExtensibilityGlobals) = postSolution
		SolutionGuid = {2119A3B9-EBF5-4FEA-A5E5-7CA0152B1D44}
	EndGlobalSection
EndGlobal
